
Microsoft Visual Studio Solution File, Format Version 11.00
# Visual Studio 2010
Project("{FAE04EC0-301F-11D3-BF4B-00C04F79EFBC}") = "SoftWrox.Service.AuctionEngine", "SoftWrox.Service.AuctionEngine\SoftWrox.Service.AuctionEngine.csproj", "{CDD30345-7F61-47A7-9465-7BC8425B57DC}"
EndProject
Project("{C8D11400-126E-41CD-887F-60BD40844F9E}") = "SoftWrox.Service.AuctionEngine.Database", "SoftWrox.Service.AuctionEngine.Database\SoftWrox.Service.AuctionEngine.Database.dbproj", "{67CBC824-A49E-4E9B-A947-360F3DFE65C3}"
EndProject
Project("{FAE04EC0-301F-11D3-BF4B-00C04F79EFBC}") = "SoftWrox.Service.AuctionEngine.Tests", "SoftWrox.Service.AuctionEngine.Tests\SoftWrox.Service.AuctionEngine.Tests.csproj", "{A31AB22C-1CF7-4757-B22A-BE0A8E429515}"
EndProject
Global
	GlobalSection(SolutionConfigurationPlatforms) = preSolution
		Debug|Any CPU = Debug|Any CPU
		Debug|Mixed Platforms = Debug|Mixed Platforms
		Debug|x86 = Debug|x86
		Release|Any CPU = Release|Any CPU
		Release|Mixed Platforms = Release|Mixed Platforms
		Release|x86 = Release|x86
	EndGlobalSection
	GlobalSection(ProjectConfigurationPlatforms) = postSolution
		{CDD30345-7F61-47A7-9465-7BC8425B57DC}.Debug|Any CPU.ActiveCfg = Debug|Any CPU
		{CDD30345-7F61-47A7-9465-7BC8425B57DC}.Debug|Any CPU.Build.0 = Debug|Any CPU
		{CDD30345-7F61-47A7-9465-7BC8425B57DC}.Debug|Mixed Platforms.ActiveCfg = Debug|Any CPU
		{CDD30345-7F61-47A7-9465-7BC8425B57DC}.Debug|Mixed Platforms.Build.0 = Debug|Any CPU
		{CDD30345-7F61-47A7-9465-7BC8425B57DC}.Debug|x86.ActiveCfg = Debug|Any CPU
		{CDD30345-7F61-47A7-9465-7BC8425B57DC}.Release|Any CPU.ActiveCfg = Release|Any CPU
		{CDD30345-7F61-47A7-9465-7BC8425B57DC}.Release|Any CPU.Build.0 = Release|Any CPU
		{CDD30345-7F61-47A7-9465-7BC8425B57DC}.Release|Mixed Platforms.ActiveCfg = Release|Any CPU
		{CDD30345-7F61-47A7-9465-7BC8425B57DC}.Release|Mixed Platforms.Build.0 = Release|Any CPU
		{CDD30345-7F61-47A7-9465-7BC8425B57DC}.Release|x86.ActiveCfg = Release|Any CPU
		{67CBC824-A49E-4E9B-A947-360F3DFE65C3}.Debug|Any CPU.ActiveCfg = Debug|Any CPU
		{67CBC824-A49E-4E9B-A947-360F3DFE65C3}.Debug|Any CPU.Build.0 = Debug|Any CPU
		{67CBC824-A49E-4E9B-A947-360F3DFE65C3}.Debug|Any CPU.Deploy.0 = Debug|Any CPU
		{67CBC824-A49E-4E9B-A947-360F3DFE65C3}.Debug|Mixed Platforms.ActiveCfg = Debug|Any CPU
		{67CBC824-A49E-4E9B-A947-360F3DFE65C3}.Debug|Mixed Platforms.Build.0 = Debug|Any CPU
		{67CBC824-A49E-4E9B-A947-360F3DFE65C3}.Debug|Mixed Platforms.Deploy.0 = Debug|Any CPU
		{67CBC824-A49E-4E9B-A947-360F3DFE65C3}.Debug|x86.ActiveCfg = Debug|Any CPU
		{67CBC824-A49E-4E9B-A947-360F3DFE65C3}.Release|Any CPU.ActiveCfg = Release|Any CPU
		{67CBC824-A49E-4E9B-A947-360F3DFE65C3}.Release|Any CPU.Build.0 = Release|Any CPU
		{67CBC824-A49E-4E9B-A947-360F3DFE65C3}.Release|Any CPU.Deploy.0 = Release|Any CPU
		{67CBC824-A49E-4E9B-A947-360F3DFE65C3}.Release|Mixed Platforms.ActiveCfg = Release|Any CPU
		{67CBC824-A49E-4E9B-A947-360F3DFE65C3}.Release|Mixed Platforms.Build.0 = Release|Any CPU
		{67CBC824-A49E-4E9B-A947-360F3DFE65C3}.Release|Mixed Platforms.Deploy.0 = Release|Any CPU
		{67CBC824-A49E-4E9B-A947-360F3DFE65C3}.Release|x86.ActiveCfg = Release|Any CPU
		{A31AB22C-1CF7-4757-B22A-BE0A8E429515}.Debug|Any CPU.ActiveCfg = Debug|Any CPU
		{A31AB22C-1CF7-4757-B22A-BE0A8E429515}.Debug|Any CPU.Build.0 = Debug|Any CPU
		{A31AB22C-1CF7-4757-B22A-BE0A8E429515}.Debug|Mixed Platforms.ActiveCfg = Debug|Any CPU
		{A31AB22C-1CF7-4757-B22A-BE0A8E429515}.Debug|Mixed Platforms.Build.0 = Debug|Any CPU
		{A31AB22C-1CF7-4757-B22A-BE0A8E429515}.Debug|x86.ActiveCfg = Debug|Any CPU
		{A31AB22C-1CF7-4757-B22A-BE0A8E429515}.Release|Any CPU.ActiveCfg = Release|Any CPU
		{A31AB22C-1CF7-4757-B22A-BE0A8E429515}.Release|Any CPU.Build.0 = Release|Any CPU
		{A31AB22C-1CF7-4757-B22A-BE0A8E429515}.Release|Mixed Platforms.ActiveCfg = Release|Any CPU
		{A31AB22C-1CF7-4757-B22A-BE0A8E429515}.Release|Mixed Platforms.Build.0 = Release|Any CPU
		{A31AB22C-1CF7-4757-B22A-BE0A8E429515}.Release|x86.ActiveCfg = Release|Any CPU
	EndGlobalSection
	GlobalSection(SolutionProperties) = preSolution
		HideSolutionNode = FALSE
	EndGlobalSection
EndGlobal
